
Microsoft Visual Studio Solution File, Format Version 11.00
# Visual C# Express 2010
Project("{FAE04EC0-301F-11D3-BF4B-00C04F79EFBC}") = "BabycastlesRunner", "BabycastlesRunner.csproj", "{4D36E9AF-CD22-4D63-A82F-B1837EC4BEF2}"
EndProject
Global
	GlobalSection(SolutionConfigurationPlatforms) = preSolution
		Debug|x86 = Debug|x86
		Release|x86 = Release|x86
	EndGlobalSection
	GlobalSection(ProjectConfigurationPlatforms) = postSolution
		{4D36E9AF-CD22-4D63-A82F-B1837EC4BEF2}.Debug|x86.ActiveCfg = Debug|x86
		{4D36E9AF-CD22-4D63-A82F-B1837EC4BEF2}.Debug|x86.Build.0 = Debug|x86
		{4D36E9AF-CD22-4D63-A82F-B1837EC4BEF2}.Release|x86.ActiveCfg = Release|x86
		{4D36E9AF-CD22-4D63-A82F-B1837EC4BEF2}.Release|x86.Build.0 = Release|x86
	EndGlobalSection
	GlobalSection(SolutionProperties) = preSolution
		HideSolutionNode = FALSE
	EndGlobalSection
EndGlobal
